
Microsoft Visual Studio Solution File, Format Version 12.00
# Visual Studio Version 17
VisualStudioVersion = 17.8.34330.188
MinimumVisualStudioVersion = 10.0.40219.1
Project("{9A19103F-16F7-4668-BE54-9A1E7A4F7556}") = "LuqTwoList_ToDoListApp", "LuqTwoList_ToDoListApp\LuqTwoList_ToDoListApp.csproj", "{A3374BB4-6E2F-4D6D-B716-47D304E54F72}"
EndProject
Global
	GlobalSection(SolutionConfigurationPlatforms) = preSolution
		Debug|Any CPU = Debug|Any CPU
		Release|Any CPU = Release|Any CPU
	EndGlobalSection
	GlobalSection(ProjectConfigurationPlatforms) = postSolution
		{A3374BB4-6E2F-4D6D-B716-47D304E54F72}.Debug|Any CPU.ActiveCfg = Debug|Any CPU
		{A3374BB4-6E2F-4D6D-B716-47D304E54F72}.Debug|Any CPU.Build.0 = Debug|Any CPU
		{A3374BB4-6E2F-4D6D-B716-47D304E54F72}.Release|Any CPU.ActiveCfg = Release|Any CPU
		{A3374BB4-6E2F-4D6D-B716-47D304E54F72}.Release|Any CPU.Build.0 = Release|Any CPU
	EndGlobalSection
	GlobalSection(SolutionProperties) = preSolution
		HideSolutionNode = FALSE
	EndGlobalSection
	GlobalSection(ExtensibilityGlobals) = postSolution
		SolutionGuid = {4B87CF51-43AF-459B-8C3C-AA522354D545}
	EndGlobalSection
EndGlobal
